{
  "requires": true,
  "lockfileVersion": 1,
  "dependencies": {
    "ejs": {
      "version": "2.6.1",
      "resolved": "https://registry.npmjs.org/ejs/-/ejs-2.6.1.tgz",
      "integrity": "sha512-0xy4A/twfrRCnkhfk8ErDi5DqdAsAqeGxht4xkCUrsvhhbQNs7E+4jV0CN7+NKIY0aHE72+XvqtBIXzD31ZbXQ=="
    },
    "ejs-mate": {
      "version": "3.0.0",
      "resolved": "https://registry.npmjs.org/ejs-mate/-/ejs-mate-3.0.0.tgz",
      "integrity": "sha512-9dw3DkvHsUDm9ZcWveQYzIDCOCVpTtaQ7KXE+0/fmxZVtef1q2J00f4qPQvH7I12BQUza0S+5AqZAHh3M96zXA==",
      "requires": {
        "ejs": "^2.6.1"
      }
    },
    "simpledb": {
      "version": "git+https://github.com/lp1dev/simpledb.js.git#f73859372d3ede53fab2e8be5515e844cfe5bb58",
      "from": "git+https://github.com/lp1dev/simpledb.js.git"
    }
  }
}
